
Microsoft Visual Studio Solution File, Format Version 12.00
# Visual Studio 15
VisualStudioVersion = 15.0.27004.2008
MinimumVisualStudioVersion = 10.0.40219.1
Project("{FAE04EC0-301F-11D3-BF4B-00C04F79EFBC}") = "ImageService", "ImageService\ImageService.csproj", "{F1ECB772-C1B9-478C-995E-DB0568D8C1DA}"
EndProject
Project("{FAE04EC0-301F-11D3-BF4B-00C04F79EFBC}") = "ImageService.Communication", "ImageService.Communication\ImageService.Communication.csproj", "{9EE5FE76-063F-4771-B035-2D7D690FF796}"
EndProject
Project("{FAE04EC0-301F-11D3-BF4B-00C04F79EFBC}") = "ImageService.Logging", "ImageService.Logging\ImageService.Logging.csproj", "{478D2C1B-5F74-4937-A721-79FF86387040}"
EndProject
Project("{FAE04EC0-301F-11D3-BF4B-00C04F79EFBC}") = "ImageService.Infrastructure", "ImageService.Infrastructure\ImageService.Infrastructure.csproj", "{989D3A8C-93B6-49A3-836C-31C5888B6061}"
EndProject
Project("{9A19103F-16F7-4668-BE54-9A1E7A4F7556}") = "TestServer", "TestServer\TestServer.csproj", "{0A6D7D69-482B-40D5-8EFB-564036E10229}"
EndProject
Project("{9A19103F-16F7-4668-BE54-9A1E7A4F7556}") = "TestClient", "TestClient\TestClient.csproj", "{FC69BB97-84D8-45CC-94E8-9B7BCBFA8BDB}"
EndProject
Project("{FAE04EC0-301F-11D3-BF4B-00C04F79EFBC}") = "ImageServiceGUI", "ImageServiceGUI\ImageServiceGUI.csproj", "{456DCC3C-51F4-46E6-8B61-5454AA0323D0}"
EndProject
Project("{FAE04EC0-301F-11D3-BF4B-00C04F79EFBC}") = "WebApplication2", "WebApplication2\WebApplication2.csproj", "{DF8A4E08-06D8-4E5D-8F37-A4AB82B39562}"
EndProject
Global
	GlobalSection(SolutionConfigurationPlatforms) = preSolution
		Debug|Any CPU = Debug|Any CPU
		Release|Any CPU = Release|Any CPU
	EndGlobalSection
	GlobalSection(ProjectConfigurationPlatforms) = postSolution
		{F1ECB772-C1B9-478C-995E-DB0568D8C1DA}.Debug|Any CPU.ActiveCfg = Debug|Any CPU
		{F1ECB772-C1B9-478C-995E-DB0568D8C1DA}.Debug|Any CPU.Build.0 = Debug|Any CPU
		{F1ECB772-C1B9-478C-995E-DB0568D8C1DA}.Release|Any CPU.ActiveCfg = Release|Any CPU
		{F1ECB772-C1B9-478C-995E-DB0568D8C1DA}.Release|Any CPU.Build.0 = Release|Any CPU
		{9EE5FE76-063F-4771-B035-2D7D690FF796}.Debug|Any CPU.ActiveCfg = Debug|Any CPU
		{9EE5FE76-063F-4771-B035-2D7D690FF796}.Debug|Any CPU.Build.0 = Debug|Any CPU
		{9EE5FE76-063F-4771-B035-2D7D690FF796}.Release|Any CPU.ActiveCfg = Release|Any CPU
		{9EE5FE76-063F-4771-B035-2D7D690FF796}.Release|Any CPU.Build.0 = Release|Any CPU
		{478D2C1B-5F74-4937-A721-79FF86387040}.Debug|Any CPU.ActiveCfg = Debug|Any CPU
		{478D2C1B-5F74-4937-A721-79FF86387040}.Debug|Any CPU.Build.0 = Debug|Any CPU
		{478D2C1B-5F74-4937-A721-79FF86387040}.Release|Any CPU.ActiveCfg = Release|Any CPU
		{478D2C1B-5F74-4937-A721-79FF86387040}.Release|Any CPU.Build.0 = Release|Any CPU
		{989D3A8C-93B6-49A3-836C-31C5888B6061}.Debug|Any CPU.ActiveCfg = Debug|Any CPU
		{989D3A8C-93B6-49A3-836C-31C5888B6061}.Debug|Any CPU.Build.0 = Debug|Any CPU
		{989D3A8C-93B6-49A3-836C-31C5888B6061}.Release|Any CPU.ActiveCfg = Release|Any CPU
		{989D3A8C-93B6-49A3-836C-31C5888B6061}.Release|Any CPU.Build.0 = Release|Any CPU
		{0A6D7D69-482B-40D5-8EFB-564036E10229}.Debug|Any CPU.ActiveCfg = Debug|Any CPU
		{0A6D7D69-482B-40D5-8EFB-564036E10229}.Debug|Any CPU.Build.0 = Debug|Any CPU
		{0A6D7D69-482B-40D5-8EFB-564036E10229}.Release|Any CPU.ActiveCfg = Release|Any CPU
		{0A6D7D69-482B-40D5-8EFB-564036E10229}.Release|Any CPU.Build.0 = Release|Any CPU
		{FC69BB97-84D8-45CC-94E8-9B7BCBFA8BDB}.Debug|Any CPU.ActiveCfg = Debug|Any CPU
		{FC69BB97-84D8-45CC-94E8-9B7BCBFA8BDB}.Debug|Any CPU.Build.0 = Debug|Any CPU
		{FC69BB97-84D8-45CC-94E8-9B7BCBFA8BDB}.Release|Any CPU.ActiveCfg = Release|Any CPU
		{FC69BB97-84D8-45CC-94E8-9B7BCBFA8BDB}.Release|Any CPU.Build.0 = Release|Any CPU
		{456DCC3C-51F4-46E6-8B61-5454AA0323D0}.Debug|Any CPU.ActiveCfg = Debug|Any CPU
		{456DCC3C-51F4-46E6-8B61-5454AA0323D0}.Debug|Any CPU.Build.0 = Debug|Any CPU
		{456DCC3C-51F4-46E6-8B61-5454AA0323D0}.Release|Any CPU.ActiveCfg = Release|Any CPU
		{456DCC3C-51F4-46E6-8B61-5454AA0323D0}.Release|Any CPU.Build.0 = Release|Any CPU
		{DF8A4E08-06D8-4E5D-8F37-A4AB82B39562}.Debug|Any CPU.ActiveCfg = Debug|Any CPU
		{DF8A4E08-06D8-4E5D-8F37-A4AB82B39562}.Debug|Any CPU.Build.0 = Debug|Any CPU
		{DF8A4E08-06D8-4E5D-8F37-A4AB82B39562}.Release|Any CPU.ActiveCfg = Release|Any CPU
		{DF8A4E08-06D8-4E5D-8F37-A4AB82B39562}.Release|Any CPU.Build.0 = Release|Any CPU
	EndGlobalSection
	GlobalSection(SolutionProperties) = preSolution
		HideSolutionNode = FALSE
	EndGlobalSection
	GlobalSection(ExtensibilityGlobals) = postSolution
		SolutionGuid = {7112CBB9-87B5-4C6F-A841-6AC30D9AB71F}
	EndGlobalSection
EndGlobal
